
Microsoft Visual Studio Solution File, Format Version 12.00
# Visual Studio Version 17
VisualStudioVersion = 17.5.33627.172
MinimumVisualStudioVersion = 10.0.40219.1
Project("{9A19103F-16F7-4668-BE54-9A1E7A4F7556}") = "FourInARow", "FourInARow.csproj", "{395AA224-BD92-4B59-B0FE-21D1CFEA3EFA}"
EndProject
Global
	GlobalSection(SolutionConfigurationPlatforms) = preSolution
		Debug|Any CPU = Debug|Any CPU
		Release|Any CPU = Release|Any CPU
	EndGlobalSection
	GlobalSection(ProjectConfigurationPlatforms) = postSolution
		{395AA224-BD92-4B59-B0FE-21D1CFEA3EFA}.Debug|Any CPU.ActiveCfg = Debug|Any CPU
		{395AA224-BD92-4B59-B0FE-21D1CFEA3EFA}.Debug|Any CPU.Build.0 = Debug|Any CPU
		{395AA224-BD92-4B59-B0FE-21D1CFEA3EFA}.Release|Any CPU.ActiveCfg = Release|Any CPU
		{395AA224-BD92-4B59-B0FE-21D1CFEA3EFA}.Release|Any CPU.Build.0 = Release|Any CPU
	EndGlobalSection
	GlobalSection(SolutionProperties) = preSolution
		HideSolutionNode = FALSE
	EndGlobalSection
	GlobalSection(ExtensibilityGlobals) = postSolution
		SolutionGuid = {36120B46-244B-49A5-BEF6-176BA8DFD12D}
	EndGlobalSection
EndGlobal
